
Microsoft Visual Studio Solution File, Format Version 12.00
# Visual Studio 15
VisualStudioVersion = 15.0.28307.168
MinimumVisualStudioVersion = 10.0.40219.1
Project("{FAE04EC0-301F-11D3-BF4B-00C04F79EFBC}") = "C0725030", "C0725030\C0725030.csproj", "{EBADA444-F6F6-410E-8D78-0E2F9FF62A9E}"
EndProject
Global
	GlobalSection(SolutionConfigurationPlatforms) = preSolution
		Debug|Any CPU = Debug|Any CPU
		Release|Any CPU = Release|Any CPU
	EndGlobalSection
	GlobalSection(ProjectConfigurationPlatforms) = postSolution
		{EBADA444-F6F6-410E-8D78-0E2F9FF62A9E}.Debug|Any CPU.ActiveCfg = Debug|Any CPU
		{EBADA444-F6F6-410E-8D78-0E2F9FF62A9E}.Debug|Any CPU.Build.0 = Debug|Any CPU
		{EBADA444-F6F6-410E-8D78-0E2F9FF62A9E}.Release|Any CPU.ActiveCfg = Release|Any CPU
		{EBADA444-F6F6-410E-8D78-0E2F9FF62A9E}.Release|Any CPU.Build.0 = Release|Any CPU
	EndGlobalSection
	GlobalSection(SolutionProperties) = preSolution
		HideSolutionNode = FALSE
	EndGlobalSection
	GlobalSection(ExtensibilityGlobals) = postSolution
		SolutionGuid = {8B670F0A-140B-45A8-9AA1-6B47E6A91920}
	EndGlobalSection
EndGlobal
